<?xml version="1.0" encoding="utf-8"?>
<Project ToolsVersion="4.0" xmlns="http://schemas.microsoft.com/developer/msbuild/2003">
  <ItemGroup>
    <Filter Include="absGL">
      <UniqueIdentifier>{CEF8110F-3A0D-3AC0-038F-DD1F6F6236F1}</UniqueIdentifier>
    </Filter>
    <Filter Include="vendor">
      <UniqueIdentifier>{B3738122-9F15-ACF8-88D0-BF4C74113349}</UniqueIdentifier>
    </Filter>
  </ItemGroup>
  <ItemGroup>
    <ClInclude Include="src\AbsGL.h" />
    <ClInclude Include="src\absGL\Camera.h">
      <Filter>absGL</Filter>
    </ClInclude>
    <ClInclude Include="src\absGL\Core.h">
      <Filter>absGL</Filter>
    </ClInclude>
    <ClInclude Include="src\absGL\InputHandler.h">
      <Filter>absGL</Filter>
    </ClInclude>
    <ClInclude Include="src\absGL\Mesh.h">
      <Filter>absGL</Filter>
    </ClInclude>
    <ClInclude Include="src\absGL\Model.h">
      <Filter>absGL</Filter>
    </ClInclude>
    <ClInclude Include="src\absGL\Renderer.h">
      <Filter>absGL</Filter>
    </ClInclude>
    <ClInclude Include="src\absGL\Shader.h">
      <Filter>absGL</Filter>
    </ClInclude>
    <ClInclude Include="src\absGLpch.h" />
    <ClInclude Include="src\vendor\stb_image.h">
      <Filter>vendor</Filter>
    </ClInclude>
    <ClInclude Include="src\absGL\DirectionalLight.h" />
    <ClInclude Include="src\absGL\Vec3.h" />
    <ClInclude Include="src\absGL\PointLight.h" />
    <ClInclude Include="src\absGL\SpotLight.h" />
    <ClInclude Include="src\absGL\Material.h" />
    <ClInclude Include="src\absGL\Vertex.h" />
    <ClInclude Include="src\absGL\Texture.h" />
    <ClInclude Include="src\absGL\Vec4.h" />
    <ClInclude Include="src\absGL\ShadowMap.h" />
    <ClInclude Include="src\absGL\Light.h" />
  </ItemGroup>
  <ItemGroup>
    <ClCompile Include="src\absGL\InputHandler.cpp">
      <Filter>absGL</Filter>
    </ClCompile>
    <ClCompile Include="src\absGL\Mesh.cpp">
      <Filter>absGL</Filter>
    </ClCompile>
    <ClCompile Include="src\absGL\Model.cpp">
      <Filter>absGL</Filter>
    </ClCompile>
    <ClCompile Include="src\absGL\Renderer.cpp">
      <Filter>absGL</Filter>
    </ClCompile>
    <ClCompile Include="src\absGL\Shader.cpp">
      <Filter>absGL</Filter>
    </ClCompile>
    <ClCompile Include="src\absGLpch.cpp" />
    <ClCompile Include="src\vendor\glad.c">
      <Filter>vendor</Filter>
    </ClCompile>
    <ClCompile Include="src\absGL\DirectionalLight.cpp" />
    <ClCompile Include="src\absGL\PointLight.cpp" />
    <ClCompile Include="src\absGL\SpotLight.cpp" />
    <ClCompile Include="src\absGL\Light.cpp" />
    <ClCompile Include="src\absGL\ShadowMap.cpp" />
  </ItemGroup>
</Project>